
Microsoft Visual Studio Solution File, Format Version 12.00
# Visual Studio Version 17
VisualStudioVersion = 17.6.33723.286
MinimumVisualStudioVersion = 10.0.40219.1
Project("{8BC9CEB8-8B4A-11D0-8D11-00A0C91BC942}") = "Projekt_Biblioteka_io", "Projekt_Biblioteka_io\Projekt_Biblioteka_io.vcxproj", "{65A2916B-4BC1-4D9A-875A-E8F4F79F9031}"
EndProject
Project("{8BC9CEB8-8B4A-11D0-8D11-00A0C91BC942}") = "UnitTest1", "UnitTest1\UnitTest1.vcxproj", "{CBB98D4E-5485-4014-96CC-AF304F0DC031}"
EndProject
Global
	GlobalSection(SolutionConfigurationPlatforms) = preSolution
		Debug|x64 = Debug|x64
		Debug|x86 = Debug|x86
		Release|x64 = Release|x64
		Release|x86 = Release|x86
	EndGlobalSection
	GlobalSection(ProjectConfigurationPlatforms) = postSolution
		{65A2916B-4BC1-4D9A-875A-E8F4F79F9031}.Debug|x64.ActiveCfg = Debug|x64
		{65A2916B-4BC1-4D9A-875A-E8F4F79F9031}.Debug|x64.Build.0 = Debug|x64
		{65A2916B-4BC1-4D9A-875A-E8F4F79F9031}.Debug|x86.ActiveCfg = Debug|Win32
		{65A2916B-4BC1-4D9A-875A-E8F4F79F9031}.Debug|x86.Build.0 = Debug|Win32
		{65A2916B-4BC1-4D9A-875A-E8F4F79F9031}.Release|x64.ActiveCfg = Release|x64
		{65A2916B-4BC1-4D9A-875A-E8F4F79F9031}.Release|x64.Build.0 = Release|x64
		{65A2916B-4BC1-4D9A-875A-E8F4F79F9031}.Release|x86.ActiveCfg = Release|Win32
		{65A2916B-4BC1-4D9A-875A-E8F4F79F9031}.Release|x86.Build.0 = Release|Win32
		{CBB98D4E-5485-4014-96CC-AF304F0DC031}.Debug|x64.ActiveCfg = Debug|x64
		{CBB98D4E-5485-4014-96CC-AF304F0DC031}.Debug|x64.Build.0 = Debug|x64
		{CBB98D4E-5485-4014-96CC-AF304F0DC031}.Debug|x86.ActiveCfg = Debug|Win32
		{CBB98D4E-5485-4014-96CC-AF304F0DC031}.Debug|x86.Build.0 = Debug|Win32
		{CBB98D4E-5485-4014-96CC-AF304F0DC031}.Release|x64.ActiveCfg = Release|x64
		{CBB98D4E-5485-4014-96CC-AF304F0DC031}.Release|x64.Build.0 = Release|x64
		{CBB98D4E-5485-4014-96CC-AF304F0DC031}.Release|x86.ActiveCfg = Release|Win32
		{CBB98D4E-5485-4014-96CC-AF304F0DC031}.Release|x86.Build.0 = Release|Win32
	EndGlobalSection
	GlobalSection(SolutionProperties) = preSolution
		HideSolutionNode = FALSE
	EndGlobalSection
	GlobalSection(ExtensibilityGlobals) = postSolution
		SolutionGuid = {D306B23E-03E0-49C2-B0B7-1EE8CCDC5C55}
	EndGlobalSection
EndGlobal
